
Microsoft Visual Studio Solution File, Format Version 12.00
# Visual Studio Version 17
VisualStudioVersion = 17.3.32825.248
MinimumVisualStudioVersion = 10.0.40219.1
Project("{FAE04EC0-301F-11D3-BF4B-00C04F79EFBC}") = "testDN", "UnitTestProject3\testDN.csproj", "{3145B52A-91C9-4920-95DF-0A590782A818}"
EndProject
Project("{FAE04EC0-301F-11D3-BF4B-00C04F79EFBC}") = "testDk", "testDk\testDk.csproj", "{C3669944-3851-4632-A480-FD65B1A6F47D}"
EndProject
Project("{FAE04EC0-301F-11D3-BF4B-00C04F79EFBC}") = "timkiem", "timkiem\timkiem.csproj", "{37703681-30AB-45DF-B2AC-B36A1AA1E37B}"
EndProject
Project("{FAE04EC0-301F-11D3-BF4B-00C04F79EFBC}") = "testGioH", "testGioH\testGioH.csproj", "{CE2157A8-8F2F-4CFB-AC11-89E657AE301E}"
EndProject
Project("{FAE04EC0-301F-11D3-BF4B-00C04F79EFBC}") = "TestSp", "TestSp\TestSp.csproj", "{A2EEE543-57DB-4F3E-9E48-E1A56B4C9E18}"
EndProject
Project("{FAE04EC0-301F-11D3-BF4B-00C04F79EFBC}") = "TestDonHang", "TestDonHang\TestDonHang.csproj", "{3AE406C4-10A1-4B22-9527-16A07DAA18F8}"
EndProject
Project("{FAE04EC0-301F-11D3-BF4B-00C04F79EFBC}") = "testlichsudonhang", "testlichsudonhang\testlichsudonhang.csproj", "{194FEDD7-C9FF-41AD-A996-2AA09226281D}"
EndProject
Project("{FAE04EC0-301F-11D3-BF4B-00C04F79EFBC}") = "testthanhtoan", "testthanhtoan\testthanhtoan.csproj", "{63453F49-721F-4E1C-8D32-3766E3FD7220}"
EndProject
Global
	GlobalSection(SolutionConfigurationPlatforms) = preSolution
		Debug|Any CPU = Debug|Any CPU
		Release|Any CPU = Release|Any CPU
	EndGlobalSection
	GlobalSection(ProjectConfigurationPlatforms) = postSolution
		{3145B52A-91C9-4920-95DF-0A590782A818}.Debug|Any CPU.ActiveCfg = Debug|Any CPU
		{3145B52A-91C9-4920-95DF-0A590782A818}.Debug|Any CPU.Build.0 = Debug|Any CPU
		{3145B52A-91C9-4920-95DF-0A590782A818}.Release|Any CPU.ActiveCfg = Release|Any CPU
		{3145B52A-91C9-4920-95DF-0A590782A818}.Release|Any CPU.Build.0 = Release|Any CPU
		{C3669944-3851-4632-A480-FD65B1A6F47D}.Debug|Any CPU.ActiveCfg = Debug|Any CPU
		{C3669944-3851-4632-A480-FD65B1A6F47D}.Debug|Any CPU.Build.0 = Debug|Any CPU
		{C3669944-3851-4632-A480-FD65B1A6F47D}.Release|Any CPU.ActiveCfg = Release|Any CPU
		{C3669944-3851-4632-A480-FD65B1A6F47D}.Release|Any CPU.Build.0 = Release|Any CPU
		{37703681-30AB-45DF-B2AC-B36A1AA1E37B}.Debug|Any CPU.ActiveCfg = Debug|Any CPU
		{37703681-30AB-45DF-B2AC-B36A1AA1E37B}.Debug|Any CPU.Build.0 = Debug|Any CPU
		{37703681-30AB-45DF-B2AC-B36A1AA1E37B}.Release|Any CPU.ActiveCfg = Release|Any CPU
		{37703681-30AB-45DF-B2AC-B36A1AA1E37B}.Release|Any CPU.Build.0 = Release|Any CPU
		{CE2157A8-8F2F-4CFB-AC11-89E657AE301E}.Debug|Any CPU.ActiveCfg = Debug|Any CPU
		{CE2157A8-8F2F-4CFB-AC11-89E657AE301E}.Debug|Any CPU.Build.0 = Debug|Any CPU
		{CE2157A8-8F2F-4CFB-AC11-89E657AE301E}.Release|Any CPU.ActiveCfg = Release|Any CPU
		{CE2157A8-8F2F-4CFB-AC11-89E657AE301E}.Release|Any CPU.Build.0 = Release|Any CPU
		{A2EEE543-57DB-4F3E-9E48-E1A56B4C9E18}.Debug|Any CPU.ActiveCfg = Debug|Any CPU
		{A2EEE543-57DB-4F3E-9E48-E1A56B4C9E18}.Debug|Any CPU.Build.0 = Debug|Any CPU
		{A2EEE543-57DB-4F3E-9E48-E1A56B4C9E18}.Release|Any CPU.ActiveCfg = Release|Any CPU
		{A2EEE543-57DB-4F3E-9E48-E1A56B4C9E18}.Release|Any CPU.Build.0 = Release|Any CPU
		{3AE406C4-10A1-4B22-9527-16A07DAA18F8}.Debug|Any CPU.ActiveCfg = Debug|Any CPU
		{3AE406C4-10A1-4B22-9527-16A07DAA18F8}.Debug|Any CPU.Build.0 = Debug|Any CPU
		{3AE406C4-10A1-4B22-9527-16A07DAA18F8}.Release|Any CPU.ActiveCfg = Release|Any CPU
		{3AE406C4-10A1-4B22-9527-16A07DAA18F8}.Release|Any CPU.Build.0 = Release|Any CPU
		{194FEDD7-C9FF-41AD-A996-2AA09226281D}.Debug|Any CPU.ActiveCfg = Debug|Any CPU
		{194FEDD7-C9FF-41AD-A996-2AA09226281D}.Debug|Any CPU.Build.0 = Debug|Any CPU
		{194FEDD7-C9FF-41AD-A996-2AA09226281D}.Release|Any CPU.ActiveCfg = Release|Any CPU
		{194FEDD7-C9FF-41AD-A996-2AA09226281D}.Release|Any CPU.Build.0 = Release|Any CPU
		{63453F49-721F-4E1C-8D32-3766E3FD7220}.Debug|Any CPU.ActiveCfg = Debug|Any CPU
		{63453F49-721F-4E1C-8D32-3766E3FD7220}.Debug|Any CPU.Build.0 = Debug|Any CPU
		{63453F49-721F-4E1C-8D32-3766E3FD7220}.Release|Any CPU.ActiveCfg = Release|Any CPU
		{63453F49-721F-4E1C-8D32-3766E3FD7220}.Release|Any CPU.Build.0 = Release|Any CPU
	EndGlobalSection
	GlobalSection(SolutionProperties) = preSolution
		HideSolutionNode = FALSE
	EndGlobalSection
	GlobalSection(ExtensibilityGlobals) = postSolution
		SolutionGuid = {C519F9C1-76CA-465E-9850-E577A55F1FE7}
	EndGlobalSection
EndGlobal
